{
  "nodes": {
    "nix-utils": {
      "inputs": {
        "nixpkgs": [
          "nixpkgs"
        ]
      },
      "locked": {
        "lastModified": 1790780186,
        "narHash": "sha256-Vno22b2cePhmRPMSJwkb+VWdHAtPhAmhzUiZgqiUKDQ=",
        "owner": "Team-MaRo",
        "repo": "nix-utils",
        "rev": "ecc7bb51a827201f9465a1f9d771bc9ad1cd9f3e",
        "type": "github"
      },
      "original": {
        "owner": "Team-MaRo",
        "repo": "nix-utils",
        "type": "github"
      }
    },
    "nixpkgs": {
      "locked": {
        "lastModified": 1790870687,
        "narHash": "sha256-yNMwoLrMFI5dS7NZsrQAMBVyOXjQ5uXFDLHjh//OAK4=",
        "owner": "NixOS",
        "repo": "nixpkgs",
        "rev": "4feb8eb8bf30f323a8a5d285f14ee51d6a7197b1",
        "type": "github"
      },
      "original": {
        "owner": "NixOS",
        "ref": "nixos-26.05",
        "repo": "nixpkgs",
        "type": "github"
      }
    },
    "root": {
      "inputs": {
        "nix-utils": "nix-utils",
        "nixpkgs": "nixpkgs"
      }
    }
  },
  "root": "root",
  "version": 7
}
